
Microsoft Visual Studio Solution File, Format Version 12.00
# Visual Studio Version 16
VisualStudioVersion = 16.0.30114.105
MinimumVisualStudioVersion = 10.0.40219.1
Project("{2150E333-8FDC-42A3-9474-1A3956D46DE8}") = "2019", "2019", "{3F18E2EB-5C92-4417-A79E-B31798718427}"
EndProject
Project("{2150E333-8FDC-42A3-9474-1A3956D46DE8}") = "Practice Round", "Practice Round", "{124F9C35-47D6-45C3-9055-D90AE90D16E5}"
EndProject
Project("{FAE04EC0-301F-11D3-BF4B-00C04F79EFBC}") = "NumberGuessing", "NumberGuessing\NumberGuessing.csproj", "{91DA7F64-3010-4DC3-AB36-75FB117552E2}"
EndProject
Project("{2150E333-8FDC-42A3-9474-1A3956D46DE8}") = "Tests", "Tests", "{D86E2AB5-50DF-419D-B78D-DB2F9E964D5E}"
EndProject
Project("{2150E333-8FDC-42A3-9474-1A3956D46DE8}") = "Round A", "Round A", "{CE004699-F617-4F47-98EB-B298F1C3D88E}"
EndProject
Project("{FAE04EC0-301F-11D3-BF4B-00C04F79EFBC}") = "Training", "Training\Training.csproj", "{58ED7350-28BB-4B7B-B49B-23D3887BC81C}"
EndProject
Project("{2150E333-8FDC-42A3-9474-1A3956D46DE8}") = "Tests", "Tests", "{68B7224B-D081-4A47-92D8-95024340176A}"
EndProject
Project("{FAE04EC0-301F-11D3-BF4B-00C04F79EFBC}") = "TrainingTest", "TrainingTest\TrainingTest.csproj", "{DD4B0A80-34E5-46B8-B241-DC1867F0FEA5}"
EndProject
Project("{FAE04EC0-301F-11D3-BF4B-00C04F79EFBC}") = "Parcels", "Parcels\Parcels.csproj", "{141A3C0B-3CF9-47DA-976B-7ADC582E84B1}"
EndProject
Project("{FAE04EC0-301F-11D3-BF4B-00C04F79EFBC}") = "ParcelsTest", "ParcelsTest\ParcelsTest.csproj", "{43AB9300-6B2A-40B8-BC84-A01B3EB71469}"
EndProject
Project("{2150E333-8FDC-42A3-9474-1A3956D46DE8}") = "Explanation", "Explanation", "{1F205B40-C268-4500-9CF3-8B8D8A5B6249}"
	ProjectSection(SolutionItems) = preProject
		Explanation.txt = Explanation.txt
	EndProjectSection
EndProject
Project("{2150E333-8FDC-42A3-9474-1A3956D46DE8}") = "2018", "2018", "{061C50BB-99D0-4225-84F7-9CE841A2E922}"
EndProject
Project("{2150E333-8FDC-42A3-9474-1A3956D46DE8}") = "Round A", "Round A", "{2A486950-0821-462B-8646-2794927B2A00}"
EndProject
Project("{FAE04EC0-301F-11D3-BF4B-00C04F79EFBC}") = "EvenDigits", "EvenDigits\EvenDigits.csproj", "{5971F51D-9BCF-4C5B-B780-04971618280C}"
EndProject
Project("{2150E333-8FDC-42A3-9474-1A3956D46DE8}") = "Tests", "Tests", "{B6C91EA1-32A3-4586-80B5-93E830B327A1}"
EndProject
Project("{FAE04EC0-301F-11D3-BF4B-00C04F79EFBC}") = "EvenDigitsTest", "EvenDigitsTest\EvenDigitsTest.csproj", "{B6681EEA-5465-41CE-B5D6-1E08A46596B7}"
EndProject
Project("{2150E333-8FDC-42A3-9474-1A3956D46DE8}") = "2020", "2020", "{D829BFF4-72AE-4385-AF09-4E657BD5ECBD}"
EndProject
Project("{FAE04EC0-301F-11D3-BF4B-00C04F79EFBC}") = "Allocation", "Allocation\Allocation.csproj", "{AC71AD10-EFB3-498E-BC66-F5D4226CCB84}"
EndProject
Project("{FAE04EC0-301F-11D3-BF4B-00C04F79EFBC}") = "Plates", "Plates\Plates.csproj", "{604F6E9D-1C53-4185-AC04-CB5B674C8A99}"
EndProject
Project("{FAE04EC0-301F-11D3-BF4B-00C04F79EFBC}") = "Workout", "Workout\Workout.csproj", "{B16B3C5D-323C-498C-BA3D-355B0A84E6F3}"
EndProject
Project("{2150E333-8FDC-42A3-9474-1A3956D46DE8}") = "Round A", "Round A", "{D726E30A-D4E4-4742-8BA9-52DFFF01D2CF}"
EndProject
Project("{2150E333-8FDC-42A3-9474-1A3956D46DE8}") = "Round B", "Round B", "{A3E3396C-B0FB-4712-AD59-C35F3972FC66}"
EndProject
Project("{FAE04EC0-301F-11D3-BF4B-00C04F79EFBC}") = "BikeTour", "BikeTour\BikeTour.csproj", "{2C9104B1-57C0-4A4C-BEDB-A054380CB33F}"
EndProject
Project("{FAE04EC0-301F-11D3-BF4B-00C04F79EFBC}") = "BusRoutes", "BusRoutes\BusRoutes.csproj", "{C5541224-CB95-48B3-8C3C-89C5887ADB12}"
EndProject
Project("{FAE04EC0-301F-11D3-BF4B-00C04F79EFBC}") = "RobotPathDecoding", "RobotPathDecoding\RobotPathDecoding.csproj", "{2E9F1D64-0EB1-40CE-89F8-18197B923153}"
EndProject
Project("{2150E333-8FDC-42A3-9474-1A3956D46DE8}") = "Round C", "Round C", "{249A1C5C-FB56-45EE-A4FB-AE4E9CB7982B}"
EndProject
Project("{FAE04EC0-301F-11D3-BF4B-00C04F79EFBC}") = "CountDown", "CountDown\CountDown.csproj", "{FCA59994-3BD6-42FB-A226-601636E71B09}"
EndProject
Project("{FAE04EC0-301F-11D3-BF4B-00C04F79EFBC}") = "PerfectSubArray", "PerfectSubArray\PerfectSubArray.csproj", "{C25FE897-2713-4F75-9E4A-F34576E4869C}"
EndProject
Project("{FAE04EC0-301F-11D3-BF4B-00C04F79EFBC}") = "StableWall", "StableWall\StableWall.csproj", "{E0C75FF7-729F-45C1-B8DA-7FD66A8BC209}"
EndProject
Project("{FAE04EC0-301F-11D3-BF4B-00C04F79EFBC}") = "StableWallTest", "StableWallTest\StableWallTest.csproj", "{56817113-61CA-4A52-A89C-DE92911F2719}"
EndProject
Project("{2150E333-8FDC-42A3-9474-1A3956D46DE8}") = "Tests", "Tests", "{56F535F0-F5B4-45B1-ACF4-B1155545D587}"
EndProject
Global
	GlobalSection(SolutionConfigurationPlatforms) = preSolution
		Debug|Any CPU = Debug|Any CPU
		Debug|x64 = Debug|x64
		Debug|x86 = Debug|x86
		Release|Any CPU = Release|Any CPU
		Release|x64 = Release|x64
		Release|x86 = Release|x86
	EndGlobalSection
	GlobalSection(ProjectConfigurationPlatforms) = postSolution
		{91DA7F64-3010-4DC3-AB36-75FB117552E2}.Debug|Any CPU.ActiveCfg = Debug|Any CPU
		{91DA7F64-3010-4DC3-AB36-75FB117552E2}.Debug|Any CPU.Build.0 = Debug|Any CPU
		{91DA7F64-3010-4DC3-AB36-75FB117552E2}.Debug|x64.ActiveCfg = Debug|Any CPU
		{91DA7F64-3010-4DC3-AB36-75FB117552E2}.Debug|x64.Build.0 = Debug|Any CPU
		{91DA7F64-3010-4DC3-AB36-75FB117552E2}.Debug|x86.ActiveCfg = Debug|Any CPU
		{91DA7F64-3010-4DC3-AB36-75FB117552E2}.Debug|x86.Build.0 = Debug|Any CPU
		{91DA7F64-3010-4DC3-AB36-75FB117552E2}.Release|Any CPU.ActiveCfg = Release|Any CPU
		{91DA7F64-3010-4DC3-AB36-75FB117552E2}.Release|Any CPU.Build.0 = Release|Any CPU
		{91DA7F64-3010-4DC3-AB36-75FB117552E2}.Release|x64.ActiveCfg = Release|Any CPU
		{91DA7F64-3010-4DC3-AB36-75FB117552E2}.Release|x64.Build.0 = Release|Any CPU
		{91DA7F64-3010-4DC3-AB36-75FB117552E2}.Release|x86.ActiveCfg = Release|Any CPU
		{91DA7F64-3010-4DC3-AB36-75FB117552E2}.Release|x86.Build.0 = Release|Any CPU
		{58ED7350-28BB-4B7B-B49B-23D3887BC81C}.Debug|Any CPU.ActiveCfg = Debug|Any CPU
		{58ED7350-28BB-4B7B-B49B-23D3887BC81C}.Debug|Any CPU.Build.0 = Debug|Any CPU
		{58ED7350-28BB-4B7B-B49B-23D3887BC81C}.Debug|x64.ActiveCfg = Debug|Any CPU
		{58ED7350-28BB-4B7B-B49B-23D3887BC81C}.Debug|x64.Build.0 = Debug|Any CPU
		{58ED7350-28BB-4B7B-B49B-23D3887BC81C}.Debug|x86.ActiveCfg = Debug|Any CPU
		{58ED7350-28BB-4B7B-B49B-23D3887BC81C}.Debug|x86.Build.0 = Debug|Any CPU
		{58ED7350-28BB-4B7B-B49B-23D3887BC81C}.Release|Any CPU.ActiveCfg = Release|Any CPU
		{58ED7350-28BB-4B7B-B49B-23D3887BC81C}.Release|Any CPU.Build.0 = Release|Any CPU
		{58ED7350-28BB-4B7B-B49B-23D3887BC81C}.Release|x64.ActiveCfg = Release|Any CPU
		{58ED7350-28BB-4B7B-B49B-23D3887BC81C}.Release|x64.Build.0 = Release|Any CPU
		{58ED7350-28BB-4B7B-B49B-23D3887BC81C}.Release|x86.ActiveCfg = Release|Any CPU
		{58ED7350-28BB-4B7B-B49B-23D3887BC81C}.Release|x86.Build.0 = Release|Any CPU
		{DD4B0A80-34E5-46B8-B241-DC1867F0FEA5}.Debug|Any CPU.ActiveCfg = Debug|Any CPU
		{DD4B0A80-34E5-46B8-B241-DC1867F0FEA5}.Debug|Any CPU.Build.0 = Debug|Any CPU
		{DD4B0A80-34E5-46B8-B241-DC1867F0FEA5}.Debug|x64.ActiveCfg = Debug|Any CPU
		{DD4B0A80-34E5-46B8-B241-DC1867F0FEA5}.Debug|x64.Build.0 = Debug|Any CPU
		{DD4B0A80-34E5-46B8-B241-DC1867F0FEA5}.Debug|x86.ActiveCfg = Debug|Any CPU
		{DD4B0A80-34E5-46B8-B241-DC1867F0FEA5}.Debug|x86.Build.0 = Debug|Any CPU
		{DD4B0A80-34E5-46B8-B241-DC1867F0FEA5}.Release|Any CPU.ActiveCfg = Release|Any CPU
		{DD4B0A80-34E5-46B8-B241-DC1867F0FEA5}.Release|Any CPU.Build.0 = Release|Any CPU
		{DD4B0A80-34E5-46B8-B241-DC1867F0FEA5}.Release|x64.ActiveCfg = Release|Any CPU
		{DD4B0A80-34E5-46B8-B241-DC1867F0FEA5}.Release|x64.Build.0 = Release|Any CPU
		{DD4B0A80-34E5-46B8-B241-DC1867F0FEA5}.Release|x86.ActiveCfg = Release|Any CPU
		{DD4B0A80-34E5-46B8-B241-DC1867F0FEA5}.Release|x86.Build.0 = Release|Any CPU
		{141A3C0B-3CF9-47DA-976B-7ADC582E84B1}.Debug|Any CPU.ActiveCfg = Debug|Any CPU
		{141A3C0B-3CF9-47DA-976B-7ADC582E84B1}.Debug|Any CPU.Build.0 = Debug|Any CPU
		{141A3C0B-3CF9-47DA-976B-7ADC582E84B1}.Debug|x64.ActiveCfg = Debug|Any CPU
		{141A3C0B-3CF9-47DA-976B-7ADC582E84B1}.Debug|x64.Build.0 = Debug|Any CPU
		{141A3C0B-3CF9-47DA-976B-7ADC582E84B1}.Debug|x86.ActiveCfg = Debug|Any CPU
		{141A3C0B-3CF9-47DA-976B-7ADC582E84B1}.Debug|x86.Build.0 = Debug|Any CPU
		{141A3C0B-3CF9-47DA-976B-7ADC582E84B1}.Release|Any CPU.ActiveCfg = Release|Any CPU
		{141A3C0B-3CF9-47DA-976B-7ADC582E84B1}.Release|Any CPU.Build.0 = Release|Any CPU
		{141A3C0B-3CF9-47DA-976B-7ADC582E84B1}.Release|x64.ActiveCfg = Release|Any CPU
		{141A3C0B-3CF9-47DA-976B-7ADC582E84B1}.Release|x64.Build.0 = Release|Any CPU
		{141A3C0B-3CF9-47DA-976B-7ADC582E84B1}.Release|x86.ActiveCfg = Release|Any CPU
		{141A3C0B-3CF9-47DA-976B-7ADC582E84B1}.Release|x86.Build.0 = Release|Any CPU
		{43AB9300-6B2A-40B8-BC84-A01B3EB71469}.Debug|Any CPU.ActiveCfg = Debug|Any CPU
		{43AB9300-6B2A-40B8-BC84-A01B3EB71469}.Debug|Any CPU.Build.0 = Debug|Any CPU
		{43AB9300-6B2A-40B8-BC84-A01B3EB71469}.Debug|x64.ActiveCfg = Debug|Any CPU
		{43AB9300-6B2A-40B8-BC84-A01B3EB71469}.Debug|x64.Build.0 = Debug|Any CPU
		{43AB9300-6B2A-40B8-BC84-A01B3EB71469}.Debug|x86.ActiveCfg = Debug|Any CPU
		{43AB9300-6B2A-40B8-BC84-A01B3EB71469}.Debug|x86.Build.0 = Debug|Any CPU
		{43AB9300-6B2A-40B8-BC84-A01B3EB71469}.Release|Any CPU.ActiveCfg = Release|Any CPU
		{43AB9300-6B2A-40B8-BC84-A01B3EB71469}.Release|Any CPU.Build.0 = Release|Any CPU
		{43AB9300-6B2A-40B8-BC84-A01B3EB71469}.Release|x64.ActiveCfg = Release|Any CPU
		{43AB9300-6B2A-40B8-BC84-A01B3EB71469}.Release|x64.Build.0 = Release|Any CPU
		{43AB9300-6B2A-40B8-BC84-A01B3EB71469}.Release|x86.ActiveCfg = Release|Any CPU
		{43AB9300-6B2A-40B8-BC84-A01B3EB71469}.Release|x86.Build.0 = Release|Any CPU
		{5971F51D-9BCF-4C5B-B780-04971618280C}.Debug|Any CPU.ActiveCfg = Debug|Any CPU
		{5971F51D-9BCF-4C5B-B780-04971618280C}.Debug|Any CPU.Build.0 = Debug|Any CPU
		{5971F51D-9BCF-4C5B-B780-04971618280C}.Debug|x64.ActiveCfg = Debug|Any CPU
		{5971F51D-9BCF-4C5B-B780-04971618280C}.Debug|x64.Build.0 = Debug|Any CPU
		{5971F51D-9BCF-4C5B-B780-04971618280C}.Debug|x86.ActiveCfg = Debug|Any CPU
		{5971F51D-9BCF-4C5B-B780-04971618280C}.Debug|x86.Build.0 = Debug|Any CPU
		{5971F51D-9BCF-4C5B-B780-04971618280C}.Release|Any CPU.ActiveCfg = Release|Any CPU
		{5971F51D-9BCF-4C5B-B780-04971618280C}.Release|Any CPU.Build.0 = Release|Any CPU
		{5971F51D-9BCF-4C5B-B780-04971618280C}.Release|x64.ActiveCfg = Release|Any CPU
		{5971F51D-9BCF-4C5B-B780-04971618280C}.Release|x64.Build.0 = Release|Any CPU
		{5971F51D-9BCF-4C5B-B780-04971618280C}.Release|x86.ActiveCfg = Release|Any CPU
		{5971F51D-9BCF-4C5B-B780-04971618280C}.Release|x86.Build.0 = Release|Any CPU
		{B6681EEA-5465-41CE-B5D6-1E08A46596B7}.Debug|Any CPU.ActiveCfg = Debug|Any CPU
		{B6681EEA-5465-41CE-B5D6-1E08A46596B7}.Debug|Any CPU.Build.0 = Debug|Any CPU
		{B6681EEA-5465-41CE-B5D6-1E08A46596B7}.Debug|x64.ActiveCfg = Debug|Any CPU
		{B6681EEA-5465-41CE-B5D6-1E08A46596B7}.Debug|x64.Build.0 = Debug|Any CPU
		{B6681EEA-5465-41CE-B5D6-1E08A46596B7}.Debug|x86.ActiveCfg = Debug|Any CPU
		{B6681EEA-5465-41CE-B5D6-1E08A46596B7}.Debug|x86.Build.0 = Debug|Any CPU
		{B6681EEA-5465-41CE-B5D6-1E08A46596B7}.Release|Any CPU.ActiveCfg = Release|Any CPU
		{B6681EEA-5465-41CE-B5D6-1E08A46596B7}.Release|Any CPU.Build.0 = Release|Any CPU
		{B6681EEA-5465-41CE-B5D6-1E08A46596B7}.Release|x64.ActiveCfg = Release|Any CPU
		{B6681EEA-5465-41CE-B5D6-1E08A46596B7}.Release|x64.Build.0 = Release|Any CPU
		{B6681EEA-5465-41CE-B5D6-1E08A46596B7}.Release|x86.ActiveCfg = Release|Any CPU
		{B6681EEA-5465-41CE-B5D6-1E08A46596B7}.Release|x86.Build.0 = Release|Any CPU
		{AC71AD10-EFB3-498E-BC66-F5D4226CCB84}.Debug|Any CPU.ActiveCfg = Debug|Any CPU
		{AC71AD10-EFB3-498E-BC66-F5D4226CCB84}.Debug|Any CPU.Build.0 = Debug|Any CPU
		{AC71AD10-EFB3-498E-BC66-F5D4226CCB84}.Debug|x64.ActiveCfg = Debug|Any CPU
		{AC71AD10-EFB3-498E-BC66-F5D4226CCB84}.Debug|x64.Build.0 = Debug|Any CPU
		{AC71AD10-EFB3-498E-BC66-F5D4226CCB84}.Debug|x86.ActiveCfg = Debug|Any CPU
		{AC71AD10-EFB3-498E-BC66-F5D4226CCB84}.Debug|x86.Build.0 = Debug|Any CPU
		{AC71AD10-EFB3-498E-BC66-F5D4226CCB84}.Release|Any CPU.ActiveCfg = Release|Any CPU
		{AC71AD10-EFB3-498E-BC66-F5D4226CCB84}.Release|Any CPU.Build.0 = Release|Any CPU
		{AC71AD10-EFB3-498E-BC66-F5D4226CCB84}.Release|x64.ActiveCfg = Release|Any CPU
		{AC71AD10-EFB3-498E-BC66-F5D4226CCB84}.Release|x64.Build.0 = Release|Any CPU
		{AC71AD10-EFB3-498E-BC66-F5D4226CCB84}.Release|x86.ActiveCfg = Release|Any CPU
		{AC71AD10-EFB3-498E-BC66-F5D4226CCB84}.Release|x86.Build.0 = Release|Any CPU
		{604F6E9D-1C53-4185-AC04-CB5B674C8A99}.Debug|Any CPU.ActiveCfg = Debug|Any CPU
		{604F6E9D-1C53-4185-AC04-CB5B674C8A99}.Debug|Any CPU.Build.0 = Debug|Any CPU
		{604F6E9D-1C53-4185-AC04-CB5B674C8A99}.Debug|x64.ActiveCfg = Debug|Any CPU
		{604F6E9D-1C53-4185-AC04-CB5B674C8A99}.Debug|x64.Build.0 = Debug|Any CPU
		{604F6E9D-1C53-4185-AC04-CB5B674C8A99}.Debug|x86.ActiveCfg = Debug|Any CPU
		{604F6E9D-1C53-4185-AC04-CB5B674C8A99}.Debug|x86.Build.0 = Debug|Any CPU
		{604F6E9D-1C53-4185-AC04-CB5B674C8A99}.Release|Any CPU.ActiveCfg = Release|Any CPU
		{604F6E9D-1C53-4185-AC04-CB5B674C8A99}.Release|Any CPU.Build.0 = Release|Any CPU
		{604F6E9D-1C53-4185-AC04-CB5B674C8A99}.Release|x64.ActiveCfg = Release|Any CPU
		{604F6E9D-1C53-4185-AC04-CB5B674C8A99}.Release|x64.Build.0 = Release|Any CPU
		{604F6E9D-1C53-4185-AC04-CB5B674C8A99}.Release|x86.ActiveCfg = Release|Any CPU
		{604F6E9D-1C53-4185-AC04-CB5B674C8A99}.Release|x86.Build.0 = Release|Any CPU
		{B16B3C5D-323C-498C-BA3D-355B0A84E6F3}.Debug|Any CPU.ActiveCfg = Debug|Any CPU
		{B16B3C5D-323C-498C-BA3D-355B0A84E6F3}.Debug|Any CPU.Build.0 = Debug|Any CPU
		{B16B3C5D-323C-498C-BA3D-355B0A84E6F3}.Debug|x64.ActiveCfg = Debug|Any CPU
		{B16B3C5D-323C-498C-BA3D-355B0A84E6F3}.Debug|x64.Build.0 = Debug|Any CPU
		{B16B3C5D-323C-498C-BA3D-355B0A84E6F3}.Debug|x86.ActiveCfg = Debug|Any CPU
		{B16B3C5D-323C-498C-BA3D-355B0A84E6F3}.Debug|x86.Build.0 = Debug|Any CPU
		{B16B3C5D-323C-498C-BA3D-355B0A84E6F3}.Release|Any CPU.ActiveCfg = Release|Any CPU
		{B16B3C5D-323C-498C-BA3D-355B0A84E6F3}.Release|Any CPU.Build.0 = Release|Any CPU
		{B16B3C5D-323C-498C-BA3D-355B0A84E6F3}.Release|x64.ActiveCfg = Release|Any CPU
		{B16B3C5D-323C-498C-BA3D-355B0A84E6F3}.Release|x64.Build.0 = Release|Any CPU
		{B16B3C5D-323C-498C-BA3D-355B0A84E6F3}.Release|x86.ActiveCfg = Release|Any CPU
		{B16B3C5D-323C-498C-BA3D-355B0A84E6F3}.Release|x86.Build.0 = Release|Any CPU
		{2C9104B1-57C0-4A4C-BEDB-A054380CB33F}.Debug|Any CPU.ActiveCfg = Debug|Any CPU
		{2C9104B1-57C0-4A4C-BEDB-A054380CB33F}.Debug|Any CPU.Build.0 = Debug|Any CPU
		{2C9104B1-57C0-4A4C-BEDB-A054380CB33F}.Debug|x64.ActiveCfg = Debug|Any CPU
		{2C9104B1-57C0-4A4C-BEDB-A054380CB33F}.Debug|x64.Build.0 = Debug|Any CPU
		{2C9104B1-57C0-4A4C-BEDB-A054380CB33F}.Debug|x86.ActiveCfg = Debug|Any CPU
		{2C9104B1-57C0-4A4C-BEDB-A054380CB33F}.Debug|x86.Build.0 = Debug|Any CPU
		{2C9104B1-57C0-4A4C-BEDB-A054380CB33F}.Release|Any CPU.ActiveCfg = Release|Any CPU
		{2C9104B1-57C0-4A4C-BEDB-A054380CB33F}.Release|Any CPU.Build.0 = Release|Any CPU
		{2C9104B1-57C0-4A4C-BEDB-A054380CB33F}.Release|x64.ActiveCfg = Release|Any CPU
		{2C9104B1-57C0-4A4C-BEDB-A054380CB33F}.Release|x64.Build.0 = Release|Any CPU
		{2C9104B1-57C0-4A4C-BEDB-A054380CB33F}.Release|x86.ActiveCfg = Release|Any CPU
		{2C9104B1-57C0-4A4C-BEDB-A054380CB33F}.Release|x86.Build.0 = Release|Any CPU
		{C5541224-CB95-48B3-8C3C-89C5887ADB12}.Debug|Any CPU.ActiveCfg = Debug|Any CPU
		{C5541224-CB95-48B3-8C3C-89C5887ADB12}.Debug|Any CPU.Build.0 = Debug|Any CPU
		{C5541224-CB95-48B3-8C3C-89C5887ADB12}.Debug|x64.ActiveCfg = Debug|Any CPU
		{C5541224-CB95-48B3-8C3C-89C5887ADB12}.Debug|x64.Build.0 = Debug|Any CPU
		{C5541224-CB95-48B3-8C3C-89C5887ADB12}.Debug|x86.ActiveCfg = Debug|Any CPU
		{C5541224-CB95-48B3-8C3C-89C5887ADB12}.Debug|x86.Build.0 = Debug|Any CPU
		{C5541224-CB95-48B3-8C3C-89C5887ADB12}.Release|Any CPU.ActiveCfg = Release|Any CPU
		{C5541224-CB95-48B3-8C3C-89C5887ADB12}.Release|Any CPU.Build.0 = Release|Any CPU
		{C5541224-CB95-48B3-8C3C-89C5887ADB12}.Release|x64.ActiveCfg = Release|Any CPU
		{C5541224-CB95-48B3-8C3C-89C5887ADB12}.Release|x64.Build.0 = Release|Any CPU
		{C5541224-CB95-48B3-8C3C-89C5887ADB12}.Release|x86.ActiveCfg = Release|Any CPU
		{C5541224-CB95-48B3-8C3C-89C5887ADB12}.Release|x86.Build.0 = Release|Any CPU
		{2E9F1D64-0EB1-40CE-89F8-18197B923153}.Debug|Any CPU.ActiveCfg = Debug|Any CPU
		{2E9F1D64-0EB1-40CE-89F8-18197B923153}.Debug|Any CPU.Build.0 = Debug|Any CPU
		{2E9F1D64-0EB1-40CE-89F8-18197B923153}.Debug|x64.ActiveCfg = Debug|Any CPU
		{2E9F1D64-0EB1-40CE-89F8-18197B923153}.Debug|x64.Build.0 = Debug|Any CPU
		{2E9F1D64-0EB1-40CE-89F8-18197B923153}.Debug|x86.ActiveCfg = Debug|Any CPU
		{2E9F1D64-0EB1-40CE-89F8-18197B923153}.Debug|x86.Build.0 = Debug|Any CPU
		{2E9F1D64-0EB1-40CE-89F8-18197B923153}.Release|Any CPU.ActiveCfg = Release|Any CPU
		{2E9F1D64-0EB1-40CE-89F8-18197B923153}.Release|Any CPU.Build.0 = Release|Any CPU
		{2E9F1D64-0EB1-40CE-89F8-18197B923153}.Release|x64.ActiveCfg = Release|Any CPU
		{2E9F1D64-0EB1-40CE-89F8-18197B923153}.Release|x64.Build.0 = Release|Any CPU
		{2E9F1D64-0EB1-40CE-89F8-18197B923153}.Release|x86.ActiveCfg = Release|Any CPU
		{2E9F1D64-0EB1-40CE-89F8-18197B923153}.Release|x86.Build.0 = Release|Any CPU
		{FCA59994-3BD6-42FB-A226-601636E71B09}.Debug|Any CPU.ActiveCfg = Debug|Any CPU
		{FCA59994-3BD6-42FB-A226-601636E71B09}.Debug|Any CPU.Build.0 = Debug|Any CPU
		{FCA59994-3BD6-42FB-A226-601636E71B09}.Debug|x64.ActiveCfg = Debug|Any CPU
		{FCA59994-3BD6-42FB-A226-601636E71B09}.Debug|x64.Build.0 = Debug|Any CPU
		{FCA59994-3BD6-42FB-A226-601636E71B09}.Debug|x86.ActiveCfg = Debug|Any CPU
		{FCA59994-3BD6-42FB-A226-601636E71B09}.Debug|x86.Build.0 = Debug|Any CPU
		{FCA59994-3BD6-42FB-A226-601636E71B09}.Release|Any CPU.ActiveCfg = Release|Any CPU
		{FCA59994-3BD6-42FB-A226-601636E71B09}.Release|Any CPU.Build.0 = Release|Any CPU
		{FCA59994-3BD6-42FB-A226-601636E71B09}.Release|x64.ActiveCfg = Release|Any CPU
		{FCA59994-3BD6-42FB-A226-601636E71B09}.Release|x64.Build.0 = Release|Any CPU
		{FCA59994-3BD6-42FB-A226-601636E71B09}.Release|x86.ActiveCfg = Release|Any CPU
		{FCA59994-3BD6-42FB-A226-601636E71B09}.Release|x86.Build.0 = Release|Any CPU
		{C25FE897-2713-4F75-9E4A-F34576E4869C}.Debug|Any CPU.ActiveCfg = Debug|Any CPU
		{C25FE897-2713-4F75-9E4A-F34576E4869C}.Debug|Any CPU.Build.0 = Debug|Any CPU
		{C25FE897-2713-4F75-9E4A-F34576E4869C}.Debug|x64.ActiveCfg = Debug|Any CPU
		{C25FE897-2713-4F75-9E4A-F34576E4869C}.Debug|x64.Build.0 = Debug|Any CPU
		{C25FE897-2713-4F75-9E4A-F34576E4869C}.Debug|x86.ActiveCfg = Debug|Any CPU
		{C25FE897-2713-4F75-9E4A-F34576E4869C}.Debug|x86.Build.0 = Debug|Any CPU
		{C25FE897-2713-4F75-9E4A-F34576E4869C}.Release|Any CPU.ActiveCfg = Release|Any CPU
		{C25FE897-2713-4F75-9E4A-F34576E4869C}.Release|Any CPU.Build.0 = Release|Any CPU
		{C25FE897-2713-4F75-9E4A-F34576E4869C}.Release|x64.ActiveCfg = Release|Any CPU
		{C25FE897-2713-4F75-9E4A-F34576E4869C}.Release|x64.Build.0 = Release|Any CPU
		{C25FE897-2713-4F75-9E4A-F34576E4869C}.Release|x86.ActiveCfg = Release|Any CPU
		{C25FE897-2713-4F75-9E4A-F34576E4869C}.Release|x86.Build.0 = Release|Any CPU
		{E0C75FF7-729F-45C1-B8DA-7FD66A8BC209}.Debug|Any CPU.ActiveCfg = Debug|Any CPU
		{E0C75FF7-729F-45C1-B8DA-7FD66A8BC209}.Debug|Any CPU.Build.0 = Debug|Any CPU
		{E0C75FF7-729F-45C1-B8DA-7FD66A8BC209}.Debug|x64.ActiveCfg = Debug|Any CPU
		{E0C75FF7-729F-45C1-B8DA-7FD66A8BC209}.Debug|x64.Build.0 = Debug|Any CPU
		{E0C75FF7-729F-45C1-B8DA-7FD66A8BC209}.Debug|x86.ActiveCfg = Debug|Any CPU
		{E0C75FF7-729F-45C1-B8DA-7FD66A8BC209}.Debug|x86.Build.0 = Debug|Any CPU
		{E0C75FF7-729F-45C1-B8DA-7FD66A8BC209}.Release|Any CPU.ActiveCfg = Release|Any CPU
		{E0C75FF7-729F-45C1-B8DA-7FD66A8BC209}.Release|Any CPU.Build.0 = Release|Any CPU
		{E0C75FF7-729F-45C1-B8DA-7FD66A8BC209}.Release|x64.ActiveCfg = Release|Any CPU
		{E0C75FF7-729F-45C1-B8DA-7FD66A8BC209}.Release|x64.Build.0 = Release|Any CPU
		{E0C75FF7-729F-45C1-B8DA-7FD66A8BC209}.Release|x86.ActiveCfg = Release|Any CPU
		{E0C75FF7-729F-45C1-B8DA-7FD66A8BC209}.Release|x86.Build.0 = Release|Any CPU
		{56817113-61CA-4A52-A89C-DE92911F2719}.Debug|Any CPU.ActiveCfg = Debug|Any CPU
		{56817113-61CA-4A52-A89C-DE92911F2719}.Debug|Any CPU.Build.0 = Debug|Any CPU
		{56817113-61CA-4A52-A89C-DE92911F2719}.Debug|x64.ActiveCfg = Debug|Any CPU
		{56817113-61CA-4A52-A89C-DE92911F2719}.Debug|x64.Build.0 = Debug|Any CPU
		{56817113-61CA-4A52-A89C-DE92911F2719}.Debug|x86.ActiveCfg = Debug|Any CPU
		{56817113-61CA-4A52-A89C-DE92911F2719}.Debug|x86.Build.0 = Debug|Any CPU
		{56817113-61CA-4A52-A89C-DE92911F2719}.Release|Any CPU.ActiveCfg = Release|Any CPU
		{56817113-61CA-4A52-A89C-DE92911F2719}.Release|Any CPU.Build.0 = Release|Any CPU
		{56817113-61CA-4A52-A89C-DE92911F2719}.Release|x64.ActiveCfg = Release|Any CPU
		{56817113-61CA-4A52-A89C-DE92911F2719}.Release|x64.Build.0 = Release|Any CPU
		{56817113-61CA-4A52-A89C-DE92911F2719}.Release|x86.ActiveCfg = Release|Any CPU
		{56817113-61CA-4A52-A89C-DE92911F2719}.Release|x86.Build.0 = Release|Any CPU
	EndGlobalSection
	GlobalSection(SolutionProperties) = preSolution
		HideSolutionNode = FALSE
	EndGlobalSection
	GlobalSection(NestedProjects) = preSolution
		{124F9C35-47D6-45C3-9055-D90AE90D16E5} = {3F18E2EB-5C92-4417-A79E-B31798718427}
		{91DA7F64-3010-4DC3-AB36-75FB117552E2} = {124F9C35-47D6-45C3-9055-D90AE90D16E5}
		{D86E2AB5-50DF-419D-B78D-DB2F9E964D5E} = {124F9C35-47D6-45C3-9055-D90AE90D16E5}
		{CE004699-F617-4F47-98EB-B298F1C3D88E} = {3F18E2EB-5C92-4417-A79E-B31798718427}
		{58ED7350-28BB-4B7B-B49B-23D3887BC81C} = {CE004699-F617-4F47-98EB-B298F1C3D88E}
		{68B7224B-D081-4A47-92D8-95024340176A} = {CE004699-F617-4F47-98EB-B298F1C3D88E}
		{DD4B0A80-34E5-46B8-B241-DC1867F0FEA5} = {68B7224B-D081-4A47-92D8-95024340176A}
		{141A3C0B-3CF9-47DA-976B-7ADC582E84B1} = {CE004699-F617-4F47-98EB-B298F1C3D88E}
		{43AB9300-6B2A-40B8-BC84-A01B3EB71469} = {68B7224B-D081-4A47-92D8-95024340176A}
		{2A486950-0821-462B-8646-2794927B2A00} = {061C50BB-99D0-4225-84F7-9CE841A2E922}
		{5971F51D-9BCF-4C5B-B780-04971618280C} = {2A486950-0821-462B-8646-2794927B2A00}
		{B6C91EA1-32A3-4586-80B5-93E830B327A1} = {2A486950-0821-462B-8646-2794927B2A00}
		{B6681EEA-5465-41CE-B5D6-1E08A46596B7} = {B6C91EA1-32A3-4586-80B5-93E830B327A1}
		{AC71AD10-EFB3-498E-BC66-F5D4226CCB84} = {D726E30A-D4E4-4742-8BA9-52DFFF01D2CF}
		{604F6E9D-1C53-4185-AC04-CB5B674C8A99} = {D726E30A-D4E4-4742-8BA9-52DFFF01D2CF}
		{B16B3C5D-323C-498C-BA3D-355B0A84E6F3} = {D726E30A-D4E4-4742-8BA9-52DFFF01D2CF}
		{D726E30A-D4E4-4742-8BA9-52DFFF01D2CF} = {D829BFF4-72AE-4385-AF09-4E657BD5ECBD}
		{A3E3396C-B0FB-4712-AD59-C35F3972FC66} = {D829BFF4-72AE-4385-AF09-4E657BD5ECBD}
		{2C9104B1-57C0-4A4C-BEDB-A054380CB33F} = {A3E3396C-B0FB-4712-AD59-C35F3972FC66}
		{C5541224-CB95-48B3-8C3C-89C5887ADB12} = {A3E3396C-B0FB-4712-AD59-C35F3972FC66}
		{2E9F1D64-0EB1-40CE-89F8-18197B923153} = {A3E3396C-B0FB-4712-AD59-C35F3972FC66}
		{249A1C5C-FB56-45EE-A4FB-AE4E9CB7982B} = {D829BFF4-72AE-4385-AF09-4E657BD5ECBD}
		{FCA59994-3BD6-42FB-A226-601636E71B09} = {249A1C5C-FB56-45EE-A4FB-AE4E9CB7982B}
		{C25FE897-2713-4F75-9E4A-F34576E4869C} = {249A1C5C-FB56-45EE-A4FB-AE4E9CB7982B}
		{E0C75FF7-729F-45C1-B8DA-7FD66A8BC209} = {249A1C5C-FB56-45EE-A4FB-AE4E9CB7982B}
		{56817113-61CA-4A52-A89C-DE92911F2719} = {56F535F0-F5B4-45B1-ACF4-B1155545D587}
		{56F535F0-F5B4-45B1-ACF4-B1155545D587} = {249A1C5C-FB56-45EE-A4FB-AE4E9CB7982B}
	EndGlobalSection
	GlobalSection(ExtensibilityGlobals) = postSolution
		SolutionGuid = {9435D8CA-384C-40BA-9F91-374884CC074D}
	EndGlobalSection
EndGlobal
